
Microsoft Visual Studio Solution File, Format Version 12.00
# Visual Studio 15
VisualStudioVersion = 15.0.27130.2010
MinimumVisualStudioVersion = 10.0.40219.1
Project("{9A19103F-16F7-4668-BE54-9A1E7A4F7556}") = "MDACSTest", "MDACSTest\MDACSTest.csproj", "{0C810751-9DE9-415D-8D5F-A792C48900F2}"
EndProject
Project("{9A19103F-16F7-4668-BE54-9A1E7A4F7556}") = "MDACSDatabase", "..\MDACSDatabase\MDACSDatabase\MDACSDatabase.csproj", "{39E848F2-7E13-4500-A5F7-D6A8F736A735}"
EndProject
Project("{9A19103F-16F7-4668-BE54-9A1E7A4F7556}") = "MDACSAuth", "..\MDACSAuth\MDACSAuth\MDACSAuth.csproj", "{362EBDED-7F8D-43FD-B3DF-15FECCFEF57E}"
EndProject
Project("{9A19103F-16F7-4668-BE54-9A1E7A4F7556}") = "MDACSHTTPServer", "..\MDACSHTTPServer\MDACSHTTPServer.csproj", "{63C4A470-5E38-41D4-9930-743427DB142B}"
EndProject
Project("{9A19103F-16F7-4668-BE54-9A1E7A4F7556}") = "MDACSAPI", "..\MDACSDatabase\MDACSAPI\MDACSAPI.csproj", "{116B8FD6-47C7-44A3-8C5D-96E2564CA6BD}"
EndProject
Global
	GlobalSection(SolutionConfigurationPlatforms) = preSolution
		Debug|Any CPU = Debug|Any CPU
		Release|Any CPU = Release|Any CPU
	EndGlobalSection
	GlobalSection(ProjectConfigurationPlatforms) = postSolution
		{0C810751-9DE9-415D-8D5F-A792C48900F2}.Debug|Any CPU.ActiveCfg = Debug|Any CPU
		{0C810751-9DE9-415D-8D5F-A792C48900F2}.Debug|Any CPU.Build.0 = Debug|Any CPU
		{0C810751-9DE9-415D-8D5F-A792C48900F2}.Release|Any CPU.ActiveCfg = Release|Any CPU
		{0C810751-9DE9-415D-8D5F-A792C48900F2}.Release|Any CPU.Build.0 = Release|Any CPU
		{39E848F2-7E13-4500-A5F7-D6A8F736A735}.Debug|Any CPU.ActiveCfg = Debug|Any CPU
		{39E848F2-7E13-4500-A5F7-D6A8F736A735}.Debug|Any CPU.Build.0 = Debug|Any CPU
		{39E848F2-7E13-4500-A5F7-D6A8F736A735}.Release|Any CPU.ActiveCfg = Release|Any CPU
		{39E848F2-7E13-4500-A5F7-D6A8F736A735}.Release|Any CPU.Build.0 = Release|Any CPU
		{362EBDED-7F8D-43FD-B3DF-15FECCFEF57E}.Debug|Any CPU.ActiveCfg = Debug|Any CPU
		{362EBDED-7F8D-43FD-B3DF-15FECCFEF57E}.Debug|Any CPU.Build.0 = Debug|Any CPU
		{362EBDED-7F8D-43FD-B3DF-15FECCFEF57E}.Release|Any CPU.ActiveCfg = Release|Any CPU
		{362EBDED-7F8D-43FD-B3DF-15FECCFEF57E}.Release|Any CPU.Build.0 = Release|Any CPU
		{63C4A470-5E38-41D4-9930-743427DB142B}.Debug|Any CPU.ActiveCfg = Debug|Any CPU
		{63C4A470-5E38-41D4-9930-743427DB142B}.Debug|Any CPU.Build.0 = Debug|Any CPU
		{63C4A470-5E38-41D4-9930-743427DB142B}.Release|Any CPU.ActiveCfg = Release|Any CPU
		{63C4A470-5E38-41D4-9930-743427DB142B}.Release|Any CPU.Build.0 = Release|Any CPU
		{116B8FD6-47C7-44A3-8C5D-96E2564CA6BD}.Debug|Any CPU.ActiveCfg = Debug|Any CPU
		{116B8FD6-47C7-44A3-8C5D-96E2564CA6BD}.Debug|Any CPU.Build.0 = Debug|Any CPU
		{116B8FD6-47C7-44A3-8C5D-96E2564CA6BD}.Release|Any CPU.ActiveCfg = Release|Any CPU
		{116B8FD6-47C7-44A3-8C5D-96E2564CA6BD}.Release|Any CPU.Build.0 = Release|Any CPU
	EndGlobalSection
	GlobalSection(SolutionProperties) = preSolution
		HideSolutionNode = FALSE
	EndGlobalSection
	GlobalSection(ExtensibilityGlobals) = postSolution
		SolutionGuid = {F05B7FEB-C1A7-4FFD-A0FA-10DC06C3D4C0}
	EndGlobalSection
EndGlobal
